<?xml version="1.0" encoding="utf-8"?>
<Project ToolsVersion="4.0" xmlns="http://schemas.microsoft.com/developer/msbuild/2003">
  <ItemGroup>
    <Filter Include="$(SolutionDir)Engine">
      <UniqueIdentifier>{CCBEC99B-B84D-5365-616C-67604DDA630B}</UniqueIdentifier>
    </Filter>
    <Filter Include="$(SolutionDir)Engine\Source">
      <UniqueIdentifier>{4CAFC56B-B8BC-F351-41A3-EF3CADAFBF08}</UniqueIdentifier>
    </Filter>
    <Filter Include="$(SolutionDir)Engine\Source\Objects">
      <UniqueIdentifier>{05DA9514-7193-00BF-FAF2-1A9966ABB62E}</UniqueIdentifier>
    </Filter>
    <Filter Include="$(SolutionDir)Engine\Source\Tabs">
      <UniqueIdentifier>{0558757A-F1A8-60BC-1A0D-4F7E06BDF325}</UniqueIdentifier>
    </Filter>
    <Filter Include="$(SolutionDir)Include">
      <UniqueIdentifier>{7AECA348-E658-5F43-AF4C-F7A01B7881AB}</UniqueIdentifier>
    </Filter>
    <Filter Include="$(SolutionDir)Include\ImGui">
      <UniqueIdentifier>{24552EC9-9062-5CAF-1949-589A85552866}</UniqueIdentifier>
    </Filter>
    <Filter Include="Source">
      <UniqueIdentifier>{56EB95D1-428D-C0A7-2B48-D4FB178947F8}</UniqueIdentifier>
    </Filter>
  </ItemGroup>
  <ItemGroup>
    <ClInclude Include="$(SolutionDir)Engine\Source\Objects\trinagle.h">
      <Filter>$(SolutionDir)Engine\Source\Objects</Filter>
    </ClInclude>
    <ClInclude Include="$(SolutionDir)Engine\Source\Tabs\testWindow.h">
      <Filter>$(SolutionDir)Engine\Source\Tabs</Filter>
    </ClInclude>
  </ItemGroup>
  <ItemGroup>
    <ClCompile Include="$(SolutionDir)Engine\Source\Objects\triangle.cpp">
      <Filter>$(SolutionDir)Engine\Source\Objects</Filter>
    </ClCompile>
    <ClCompile Include="$(SolutionDir)Engine\Source\Tabs\testWindow.cpp">
      <Filter>$(SolutionDir)Engine\Source\Tabs</Filter>
    </ClCompile>
    <ClCompile Include="$(SolutionDir)Engine\Source\glad.c">
      <Filter>$(SolutionDir)Engine\Source</Filter>
    </ClCompile>
    <ClCompile Include="$(SolutionDir)Include\ImGui\imgui.cpp">
      <Filter>$(SolutionDir)Include\ImGui</Filter>
    </ClCompile>
    <ClCompile Include="$(SolutionDir)Include\ImGui\imgui_draw.cpp">
      <Filter>$(SolutionDir)Include\ImGui</Filter>
    </ClCompile>
    <ClCompile Include="$(SolutionDir)Include\ImGui\imgui_impl_glfw.cpp">
      <Filter>$(SolutionDir)Include\ImGui</Filter>
    </ClCompile>
    <ClCompile Include="$(SolutionDir)Include\ImGui\imgui_impl_opengl3.cpp">
      <Filter>$(SolutionDir)Include\ImGui</Filter>
    </ClCompile>
    <ClCompile Include="$(SolutionDir)Include\ImGui\imgui_tables.cpp">
      <Filter>$(SolutionDir)Include\ImGui</Filter>
    </ClCompile>
    <ClCompile Include="$(SolutionDir)Include\ImGui\imgui_widgets.cpp">
      <Filter>$(SolutionDir)Include\ImGui</Filter>
    </ClCompile>
    <ClCompile Include="Source\gameMain.cpp">
      <Filter>Source</Filter>
    </ClCompile>
  </ItemGroup>
</Project>