<?xml version="1.0" encoding="utf-8"?>
<Project ToolsVersion="4.0" xmlns="http://schemas.microsoft.com/developer/msbuild/2003">
  <ItemGroup>
    <Filter Include="$(SolutionDir)Include">
      <UniqueIdentifier>{7AECA348-E658-5F43-AF4C-F7A01B7881AB}</UniqueIdentifier>
    </Filter>
    <Filter Include="$(SolutionDir)Include\ImGui">
      <UniqueIdentifier>{24552EC9-9062-5CAF-1949-589A85552866}</UniqueIdentifier>
    </Filter>
    <Filter Include="Source">
      <UniqueIdentifier>{56EB95D1-428D-C0A7-2B48-D4FB178947F8}</UniqueIdentifier>
    </Filter>
    <Filter Include="Source\Objects">
      <UniqueIdentifier>{0F80BE01-FB4D-B207-E4E1-222ED04E8E6C}</UniqueIdentifier>
    </Filter>
    <Filter Include="Source\Tabs">
      <UniqueIdentifier>{4FAA1E0F-BB5F-9704-4454-91DBB0088E08}</UniqueIdentifier>
    </Filter>
  </ItemGroup>
  <ItemGroup>
    <ClInclude Include="Source\Objects\triangle.h">
      <Filter>Source\Objects</Filter>
    </ClInclude>
    <ClInclude Include="Source\Tabs\SceneWindow.h">
      <Filter>Source\Tabs</Filter>
    </ClInclude>
  </ItemGroup>
  <ItemGroup>
    <ClCompile Include="$(SolutionDir)Include\ImGui\imgui.cpp">
      <Filter>$(SolutionDir)Include\ImGui</Filter>
    </ClCompile>
    <ClCompile Include="$(SolutionDir)Include\ImGui\imgui_demo.cpp">
      <Filter>$(SolutionDir)Include\ImGui</Filter>
    </ClCompile>
    <ClCompile Include="$(SolutionDir)Include\ImGui\imgui_draw.cpp">
      <Filter>$(SolutionDir)Include\ImGui</Filter>
    </ClCompile>
    <ClCompile Include="$(SolutionDir)Include\ImGui\imgui_impl_glfw.cpp">
      <Filter>$(SolutionDir)Include\ImGui</Filter>
    </ClCompile>
    <ClCompile Include="$(SolutionDir)Include\ImGui\imgui_impl_opengl3.cpp">
      <Filter>$(SolutionDir)Include\ImGui</Filter>
    </ClCompile>
    <ClCompile Include="$(SolutionDir)Include\ImGui\imgui_tables.cpp">
      <Filter>$(SolutionDir)Include\ImGui</Filter>
    </ClCompile>
    <ClCompile Include="$(SolutionDir)Include\ImGui\imgui_widgets.cpp">
      <Filter>$(SolutionDir)Include\ImGui</Filter>
    </ClCompile>
    <ClCompile Include="Source\Objects\triangle.cpp">
      <Filter>Source\Objects</Filter>
    </ClCompile>
    <ClCompile Include="Source\Tabs\SceneWindow.cpp">
      <Filter>Source\Tabs</Filter>
    </ClCompile>
    <ClCompile Include="Source\glad.c">
      <Filter>Source</Filter>
    </ClCompile>
    <ClCompile Include="Source\main.cpp">
      <Filter>Source</Filter>
    </ClCompile>
  </ItemGroup>
</Project>